
Microsoft Visual Studio Solution File, Format Version 12.00
# Visual Studio Version 17
VisualStudioVersion = 17.11.35312.102
MinimumVisualStudioVersion = 10.0.40219.1
Project("{2150E333-8FDC-42A3-9474-1A3956D46DE8}") = "src", "src", "{61A7128D-C570-42F8-A3A9-B3E22B1E3AF6}"
EndProject
Project("{2150E333-8FDC-42A3-9474-1A3956D46DE8}") = "tests", "tests", "{407FF513-ADBD-4158-8662-BB29F783D750}"
EndProject
Project("{9A19103F-16F7-4668-BE54-9A1E7A4F7556}") = "DotnetAuction.API", "src\Auction.API\DotnetAuction.API.csproj", "{D95DE039-4E25-4EF0-81BC-CC2303844516}"
EndProject
Project("{FAE04EC0-301F-11D3-BF4B-00C04F79EFBC}") = "UseCases.Test", "tests\UseCases.Test\UseCases.Test.csproj", "{16D3A93F-60F3-4F70-B4FE-238F1E79449C}"
EndProject
Global
	GlobalSection(SolutionConfigurationPlatforms) = preSolution
		Debug|Any CPU = Debug|Any CPU
		Release|Any CPU = Release|Any CPU
	EndGlobalSection
	GlobalSection(ProjectConfigurationPlatforms) = postSolution
		{D95DE039-4E25-4EF0-81BC-CC2303844516}.Debug|Any CPU.ActiveCfg = Debug|Any CPU
		{D95DE039-4E25-4EF0-81BC-CC2303844516}.Debug|Any CPU.Build.0 = Debug|Any CPU
		{D95DE039-4E25-4EF0-81BC-CC2303844516}.Release|Any CPU.ActiveCfg = Release|Any CPU
		{D95DE039-4E25-4EF0-81BC-CC2303844516}.Release|Any CPU.Build.0 = Release|Any CPU
		{16D3A93F-60F3-4F70-B4FE-238F1E79449C}.Debug|Any CPU.ActiveCfg = Debug|Any CPU
		{16D3A93F-60F3-4F70-B4FE-238F1E79449C}.Debug|Any CPU.Build.0 = Debug|Any CPU
		{16D3A93F-60F3-4F70-B4FE-238F1E79449C}.Release|Any CPU.ActiveCfg = Release|Any CPU
		{16D3A93F-60F3-4F70-B4FE-238F1E79449C}.Release|Any CPU.Build.0 = Release|Any CPU
	EndGlobalSection
	GlobalSection(SolutionProperties) = preSolution
		HideSolutionNode = FALSE
	EndGlobalSection
	GlobalSection(NestedProjects) = preSolution
		{D95DE039-4E25-4EF0-81BC-CC2303844516} = {61A7128D-C570-42F8-A3A9-B3E22B1E3AF6}
		{16D3A93F-60F3-4F70-B4FE-238F1E79449C} = {407FF513-ADBD-4158-8662-BB29F783D750}
	EndGlobalSection
	GlobalSection(ExtensibilityGlobals) = postSolution
		SolutionGuid = {E93D5303-969D-4A45-B1C6-7321ED2DCDCF}
	EndGlobalSection
EndGlobal
